
Microsoft Visual Studio Solution File, Format Version 12.00
# Visual Studio Version 17
VisualStudioVersion = 17.6.33801.468
MinimumVisualStudioVersion = 10.0.40219.1
Project("{FAE04EC0-301F-11D3-BF4B-00C04F79EFBC}") = "RecettesGourmandes", "RecettesGourmandes\RecettesGourmandes.csproj", "{87BAEAD9-33A7-499C-970A-813B8E16BA80}"
EndProject
Global
	GlobalSection(SolutionConfigurationPlatforms) = preSolution
		Debug|Any CPU = Debug|Any CPU
		Release|Any CPU = Release|Any CPU
	EndGlobalSection
	GlobalSection(ProjectConfigurationPlatforms) = postSolution
		{87BAEAD9-33A7-499C-970A-813B8E16BA80}.Debug|Any CPU.ActiveCfg = Debug|Any CPU
		{87BAEAD9-33A7-499C-970A-813B8E16BA80}.Debug|Any CPU.Build.0 = Debug|Any CPU
		{87BAEAD9-33A7-499C-970A-813B8E16BA80}.Release|Any CPU.ActiveCfg = Release|Any CPU
		{87BAEAD9-33A7-499C-970A-813B8E16BA80}.Release|Any CPU.Build.0 = Release|Any CPU
	EndGlobalSection
	GlobalSection(SolutionProperties) = preSolution
		HideSolutionNode = FALSE
	EndGlobalSection
	GlobalSection(ExtensibilityGlobals) = postSolution
		SolutionGuid = {3C0F8EDC-86CD-4456-9F7D-B7F788FA6B3B}
	EndGlobalSection
EndGlobal
